// !$*UTF8*$!
{
	archiveVersion = 1;
	classes = {
	};
	objectVersion = 56;
	objects = {

/* Begin PBXBuildFile section */
		75493ABA2A7BEE2A006FB64E /* AppDelegate.swift in Sources */ = {isa = PBXBuildFile; fileRef = 75493AB92A7BEE2A006FB64E /* AppDelegate.swift */; };
		75493ABC2A7BEE2A006FB64E /* SceneDelegate.swift in Sources */ = {isa = PBXBuildFile; fileRef = 75493ABB2A7BEE2A006FB64E /* SceneDelegate.swift */; };
		75493AC12A7BEE2A006FB64E /* Main.storyboard in Resources */ = {isa = PBXBuildFile; fileRef = 75493ABF2A7BEE2A006FB64E /* Main.storyboard */; };
		75493AC32A7BEE2C006FB64E /* Assets.xcassets in Resources */ = {isa = PBXBuildFile; fileRef = 75493AC22A7BEE2C006FB64E /* Assets.xcassets */; };
		75493AC62A7BEE2C006FB64E /* LaunchScreen.storyboard in Resources */ = {isa = PBXBuildFile; fileRef = 75493AC42A7BEE2C006FB64E /* LaunchScreen.storyboard */; };
		75493AD12A7BEE2C006FB64E /* StoreListTests.swift in Sources */ = {isa = PBXBuildFile; fileRef = 75493AD02A7BEE2C006FB64E /* StoreListTests.swift */; };
		75493ADB2A7BEE2C006FB64E /* StoreListUITests.swift in Sources */ = {isa = PBXBuildFile; fileRef = 75493ADA2A7BEE2C006FB64E /* StoreListUITests.swift */; };
		75493ADD2A7BEE2C006FB64E /* StoreListUITestsLaunchTests.swift in Sources */ = {isa = PBXBuildFile; fileRef = 75493ADC2A7BEE2C006FB64E /* StoreListUITestsLaunchTests.swift */; };
		75493AEC2A7BF9B5006FB64E /* StoreListController.swift in Sources */ = {isa = PBXBuildFile; fileRef = 75493AEB2A7BF9B5006FB64E /* StoreListController.swift */; };
/* End PBXBuildFile section */

/* Begin PBXContainerItemProxy section */
		75493ACD2A7BEE2C006FB64E /* PBXContainerItemProxy */ = {
			isa = PBXContainerItemProxy;
			containerPortal = 75493AAE2A7BEE2A006FB64E /* Project object */;
			proxyType = 1;
			remoteGlobalIDString = 75493AB52A7BEE2A006FB64E;
			remoteInfo = StoreList;
		};
		75493AD72A7BEE2C006FB64E /* PBXContainerItemProxy */ = {
			isa = PBXContainerItemProxy;
			containerPortal = 75493AAE2A7BEE2A006FB64E /* Project object */;
			proxyType = 1;
			remoteGlobalIDString = 75493AB52A7BEE2A006FB64E;
			remoteInfo = StoreList;
		};
/* End PBXContainerItemProxy section */

/* Begin PBXFileReference section */
		75493AB62A7BEE2A006FB64E /* StoreList.app */ = {isa = PBXFileReference; explicitFileType = wrapper.application; includeInIndex = 0; path = StoreList.app; sourceTree = BUILT_PRODUCTS_DIR; };
		75493AB92A7BEE2A006FB64E /* AppDelegate.swift */ = {isa = PBXFileReference; lastKnownFileType = sourcecode.swift; path = AppDelegate.swift; sourceTree = "<group>"; };
		75493ABB2A7BEE2A006FB64E /* SceneDelegate.swift */ = {isa = PBXFileReference; lastKnownFileType = sourcecode.swift; path = SceneDelegate.swift; sourceTree = "<group>"; };
		75493AC02A7BEE2A006FB64E /* Base */ = {isa = PBXFileReference; lastKnownFileType = file.storyboard; name = Base; path = Base.lproj/Main.storyboard; sourceTree = "<group>"; };
		75493AC22A7BEE2C006FB64E /* Assets.xcassets */ = {isa = PBXFileReference; lastKnownFileType = folder.assetcatalog; path = Assets.xcassets; sourceTree = "<group>"; };
		75493AC52A7BEE2C006FB64E /* Base */ = {isa = PBXFileReference; lastKnownFileType = file.storyboard; name = Base; path = Base.lproj/LaunchScreen.storyboard; sourceTree = "<group>"; };
		75493AC72A7BEE2C006FB64E /* Info.plist */ = {isa = PBXFileReference; lastKnownFileType = text.plist.xml; path = Info.plist; sourceTree = "<group>"; };
		75493ACC2A7BEE2C006FB64E /* StoreListTests.xctest */ = {isa = PBXFileReference; explicitFileType = wrapper.cfbundle; includeInIndex = 0; path = StoreListTests.xctest; sourceTree = BUILT_PRODUCTS_DIR; };
		75493AD02A7BEE2C006FB64E /* StoreListTests.swift */ = {isa = PBXFileReference; lastKnownFileType = sourcecode.swift; path = StoreListTests.swift; sourceTree = "<group>"; };
		75493AD62A7BEE2C006FB64E /* StoreListUITests.xctest */ = {isa = PBXFileReference; explicitFileType = wrapper.cfbundle; includeInIndex = 0; path = StoreListUITests.xctest; sourceTree = BUILT_PRODUCTS_DIR; };
		75493ADA2A7BEE2C006FB64E /* StoreListUITests.swift */ = {isa = PBXFileReference; lastKnownFileType = sourcecode.swift; path = StoreListUITests.swift; sourceTree = "<group>"; };
		75493ADC2A7BEE2C006FB64E /* StoreListUITestsLaunchTests.swift */ = {isa = PBXFileReference; lastKnownFileType = sourcecode.swift; path = StoreListUITestsLaunchTests.swift; sourceTree = "<group>"; };
		75493AEB2A7BF9B5006FB64E /* StoreListController.swift */ = {isa = PBXFileReference; lastKnownFileType = sourcecode.swift; path = StoreListController.swift; sourceTree = "<group>"; };
/* End PBXFileReference section */

/* Begin PBXFrameworksBuildPhase section */
		75493AB32A7BEE2A006FB64E /* Frameworks */ = {
			isa = PBXFrameworksBuildPhase;
			buildActionMask = 2147483647;
			files = (
			);
			runOnlyForDeploymentPostprocessing = 0;
		};
		75493AC92A7BEE2C006FB64E /* Frameworks */ = {
			isa = PBXFrameworksBuildPhase;
			buildActionMask = 2147483647;
			files = (
			);
			runOnlyForDeploymentPostprocessing = 0;
		};
		75493AD32A7BEE2C006FB64E /* Frameworks */ = {
			isa = PBXFrameworksBuildPhase;
			buildActionMask = 2147483647;
			files = (
			);
			runOnlyForDeploymentPostprocessing = 0;
		};
/* End PBXFrameworksBuildPhase section */

/* Begin PBXGroup section */
		75493AAD2A7BEE2A006FB64E = {
			isa = PBXGroup;
			children = (
				75493AB82A7BEE2A006FB64E /* StoreList */,
				75493ACF2A7BEE2C006FB64E /* StoreListTests */,
				75493AD92A7BEE2C006FB64E /* StoreListUITests */,
				75493AB72A7BEE2A006FB64E /* Products */,
			);
			sourceTree = "<group>";
		};
		75493AB72A7BEE2A006FB64E /* Products */ = {
			isa = PBXGroup;
			children = (
				75493AB62A7BEE2A006FB64E /* StoreList.app */,
				75493ACC2A7BEE2C006FB64E /* StoreListTests.xctest */,
				75493AD62A7BEE2C006FB64E /* StoreListUITests.xctest */,
			);
			name = Products;
			sourceTree = "<group>";
		};
		75493AB82A7BEE2A006FB64E /* StoreList */ = {
			isa = PBXGroup;
			children = (
				75493AB92A7BEE2A006FB64E /* AppDelegate.swift */,
				75493ABB2A7BEE2A006FB64E /* SceneDelegate.swift */,
				75493ABF2A7BEE2A006FB64E /* Main.storyboard */,
				75493AC22A7BEE2C006FB64E /* Assets.xcassets */,
				75493AC42A7BEE2C006FB64E /* LaunchScreen.storyboard */,
				75493AC72A7BEE2C006FB64E /* Info.plist */,
				75493AEB2A7BF9B5006FB64E /* StoreListController.swift */,
			);
			path = StoreList;
			sourceTree = "<group>";
		};
		75493ACF2A7BEE2C006FB64E /* StoreListTests */ = {
			isa = PBXGroup;
			children = (
				75493AD02A7BEE2C006FB64E /* StoreListTests.swift */,
			);
			path = StoreListTests;
			sourceTree = "<group>";
		};
		75493AD92A7BEE2C006FB64E /* StoreListUITests */ = {
			isa = PBXGroup;
			children = (
				75493ADA2A7BEE2C006FB64E /* StoreListUITests.swift */,
				75493ADC2A7BEE2C006FB64E /* StoreListUITestsLaunchTests.swift */,
			);
			path = StoreListUITests;
			sourceTree = "<group>";
		};
/* End PBXGroup section */

/* Begin PBXNativeTarget section */
		75493AB52A7BEE2A006FB64E /* StoreList */ = {
			isa = PBXNativeTarget;
			buildConfigurationList = 75493AE02A7BEE2C006FB64E /* Build configuration list for PBXNativeTarget "StoreList" */;
			buildPhases = (
				75493AB22A7BEE2A006FB64E /* Sources */,
				75493AB32A7BEE2A006FB64E /* Frameworks */,
				75493AB42A7BEE2A006FB64E /* Resources */,
			);
			buildRules = (
			);
			dependencies = (
			);
			name = StoreList;
			productName = StoreList;
			productReference = 75493AB62A7BEE2A006FB64E /* StoreList.app */;
			productType = "com.apple.product-type.application";
		};
		75493ACB2A7BEE2C006FB64E /* StoreListTests */ = {
			isa = PBXNativeTarget;
			buildConfigurationList = 75493AE32A7BEE2C006FB64E /* Build configuration list for PBXNativeTarget "StoreListTests" */;
			buildPhases = (
				75493AC82A7BEE2C006FB64E /* Sources */,
				75493AC92A7BEE2C006FB64E /* Frameworks */,
				75493ACA2A7BEE2C006FB64E /* Resources */,
			);
			buildRules = (
			);
			dependencies = (
				75493ACE2A7BEE2C006FB64E /* PBXTargetDependency */,
			);
			name = StoreListTests;
			productName = StoreListTests;
			productReference = 75493ACC2A7BEE2C006FB64E /* StoreListTests.xctest */;
			productType = "com.apple.product-type.bundle.unit-test";
		};
		75493AD52A7BEE2C006FB64E /* StoreListUITests */ = {
			isa = PBXNativeTarget;
			buildConfigurationList = 75493AE62A7BEE2C006FB64E /* Build configuration list for PBXNativeTarget "StoreListUITests" */;
			buildPhases = (
				75493AD22A7BEE2C006FB64E /* Sources */,
				75493AD32A7BEE2C006FB64E /* Frameworks */,
				75493AD42A7BEE2C006FB64E /* Resources */,
			);
			buildRules = (
			);
			dependencies = (
				75493AD82A7BEE2C006FB64E /* PBXTargetDependency */,
			);
			name = StoreListUITests;
			productName = StoreListUITests;
			productReference = 75493AD62A7BEE2C006FB64E /* StoreListUITests.xctest */;
			productType = "com.apple.product-type.bundle.ui-testing";
		};
/* End PBXNativeTarget section */

/* Begin PBXProject section */
		75493AAE2A7BEE2A006FB64E /* Project object */ = {
			isa = PBXProject;
			attributes = {
				BuildIndependentTargetsInParallel = 1;
				LastSwiftUpdateCheck = 1430;
				LastUpgradeCheck = 1430;
				TargetAttributes = {
					75493AB52A7BEE2A006FB64E = {
						CreatedOnToolsVersion = 14.3.1;
					};
					75493ACB2A7BEE2C006FB64E = {
						CreatedOnToolsVersion = 14.3.1;
						TestTargetID = 75493AB52A7BEE2A006FB64E;
					};
					75493AD52A7BEE2C006FB64E = {
						CreatedOnToolsVersion = 14.3.1;
						TestTargetID = 75493AB52A7BEE2A006FB64E;
					};
				};
			};
			buildConfigurationList = 75493AB12A7BEE2A006FB64E /* Build configuration list for PBXProject "StoreList" */;
			compatibilityVersion = "Xcode 14.0";
			developmentRegion = en;
			hasScannedForEncodings = 0;
			knownRegions = (
				en,
				Base,
			);
			mainGroup = 75493AAD2A7BEE2A006FB64E;
			productRefGroup = 75493AB72A7BEE2A006FB64E /* Products */;
			projectDirPath = "";
			projectRoot = "";
			targets = (
				75493AB52A7BEE2A006FB64E /* StoreList */,
				75493ACB2A7BEE2C006FB64E /* StoreListTests */,
				75493AD52A7BEE2C006FB64E /* StoreListUITests */,
			);
		};
/* End PBXProject section */

/* Begin PBXResourcesBuildPhase section */
		75493AB42A7BEE2A006FB64E /* Resources */ = {
			isa = PBXResourcesBuildPhase;
			buildActionMask = 2147483647;
			files = (
				75493AC62A7BEE2C006FB64E /* LaunchScreen.storyboard in Resources */,
				75493AC32A7BEE2C006FB64E /* Assets.xcassets in Resources */,
				75493AC12A7BEE2A006FB64E /* Main.storyboard in Resources */,
			);
			runOnlyForDeploymentPostprocessing = 0;
		};
		75493ACA2A7BEE2C006FB64E /* Resources */ = {
			isa = PBXResourcesBuildPhase;
			buildActionMask = 2147483647;
			files = (
			);
			runOnlyForDeploymentPostprocessing = 0;
		};
		75493AD42A7BEE2C006FB64E /* Resources */ = {
			isa = PBXResourcesBuildPhase;
			buildActionMask = 2147483647;
			files = (
			);
			runOnlyForDeploymentPostprocessing = 0;
		};
/* End PBXResourcesBuildPhase section */

/* Begin PBXSourcesBuildPhase section */
		75493AB22A7BEE2A006FB64E /* Sources */ = {
			isa = PBXSourcesBuildPhase;
			buildActionMask = 2147483647;
			files = (
				75493ABA2A7BEE2A006FB64E /* AppDelegate.swift in Sources */,
				75493AEC2A7BF9B5006FB64E /* StoreListController.swift in Sources */,
				75493ABC2A7BEE2A006FB64E /* SceneDelegate.swift in Sources */,
			);
			runOnlyForDeploymentPostprocessing = 0;
		};
		75493AC82A7BEE2C006FB64E /* Sources */ = {
			isa = PBXSourcesBuildPhase;
			buildActionMask = 2147483647;
			files = (
				75493AD12A7BEE2C006FB64E /* StoreListTests.swift in Sources */,
			);
			runOnlyForDeploymentPostprocessing = 0;
		};
		75493AD22A7BEE2C006FB64E /* Sources */ = {
			isa = PBXSourcesBuildPhase;
			buildActionMask = 2147483647;
			files = (
				75493ADD2A7BEE2C006FB64E /* StoreListUITestsLaunchTests.swift in Sources */,
				75493ADB2A7BEE2C006FB64E /* StoreListUITests.swift in Sources */,
			);
			runOnlyForDeploymentPostprocessing = 0;
		};
/* End PBXSourcesBuildPhase section */

/* Begin PBXTargetDependency section */
		75493ACE2A7BEE2C006FB64E /* PBXTargetDependency */ = {
			isa = PBXTargetDependency;
			target = 75493AB52A7BEE2A006FB64E /* StoreList */;
			targetProxy = 75493ACD2A7BEE2C006FB64E /* PBXContainerItemProxy */;
		};
		75493AD82A7BEE2C006FB64E /* PBXTargetDependency */ = {
			isa = PBXTargetDependency;
			target = 75493AB52A7BEE2A006FB64E /* StoreList */;
			targetProxy = 75493AD72A7BEE2C006FB64E /* PBXContainerItemProxy */;
		};
/* End PBXTargetDependency section */

/* Begin PBXVariantGroup section */
		75493ABF2A7BEE2A006FB64E /* Main.storyboard */ = {
			isa = PBXVariantGroup;
			children = (
				75493AC02A7BEE2A006FB64E /* Base */,
			);
			name = Main.storyboard;
			sourceTree = "<group>";
		};
		75493AC42A7BEE2C006FB64E /* LaunchScreen.storyboard */ = {
			isa = PBXVariantGroup;
			children = (
				75493AC52A7BEE2C006FB64E /* Base */,
			);
			name = LaunchScreen.storyboard;
			sourceTree = "<group>";
		};
/* End PBXVariantGroup section */

/* Begin XCBuildConfiguration section */
		75493ADE2A7BEE2C006FB64E /* Debug */ = {
			isa = XCBuildConfiguration;
			buildSettings = {
				ALWAYS_SEARCH_USER_PATHS = NO;
				CLANG_ANALYZER_NONNULL = YES;
				CLANG_ANALYZER_NUMBER_OBJECT_CONVERSION = YES_AGGRESSIVE;
				CLANG_CXX_LANGUAGE_STANDARD = "gnu++20";
				CLANG_ENABLE_MODULES = YES;
				CLANG_ENABLE_OBJC_ARC = YES;
				CLANG_ENABLE_OBJC_WEAK = YES;
				CLANG_WARN_BLOCK_CAPTURE_AUTORELEASING = YES;
				CLANG_WARN_BOOL_CONVERSION = YES;
				CLANG_WARN_COMMA = YES;
				CLANG_WARN_CONSTANT_CONVERSION = YES;
				CLANG_WARN_DEPRECATED_OBJC_IMPLEMENTATIONS = YES;
				CLANG_WARN_DIRECT_OBJC_ISA_USAGE = YES_ERROR;
				CLANG_WARN_DOCUMENTATION_COMMENTS = YES;
				CLANG_WARN_EMPTY_BODY = YES;
				CLANG_WARN_ENUM_CONVERSION = YES;
				CLANG_WARN_INFINITE_RECURSION = YES;
				CLANG_WARN_INT_CONVERSION = YES;
				CLANG_WARN_NON_LITERAL_NULL_CONVERSION = YES;
				CLANG_WARN_OBJC_IMPLICIT_RETAIN_SELF = YES;
				CLANG_WARN_OBJC_LITERAL_CONVERSION = YES;
				CLANG_WARN_OBJC_ROOT_CLASS = YES_ERROR;
				CLANG_WARN_QUOTED_INCLUDE_IN_FRAMEWORK_HEADER = YES;
				CLANG_WARN_RANGE_LOOP_ANALYSIS = YES;
				CLANG_WARN_STRICT_PROTOTYPES = YES;
				CLANG_WARN_SUSPICIOUS_MOVE = YES;
				CLANG_WARN_UNGUARDED_AVAILABILITY = YES_AGGRESSIVE;
				CLANG_WARN_UNREACHABLE_CODE = YES;
				CLANG_WARN__DUPLICATE_METHOD_MATCH = YES;
				COPY_PHASE_STRIP = NO;
				DEBUG_INFORMATION_FORMAT = dwarf;
				ENABLE_STRICT_OBJC_MSGSEND = YES;
				ENABLE_TESTABILITY = YES;
				GCC_C_LANGUAGE_STANDARD = gnu11;
				GCC_DYNAMIC_NO_PIC = NO;
				GCC_NO_COMMON_BLOCKS = YES;
				GCC_OPTIMIZATION_LEVEL = 0;
				GCC_PREPROCESSOR_DEFINITIONS = (
					"DEBUG=1",
					"$(inherited)",
				);
				GCC_WARN_64_TO_32_BIT_CONVERSION = YES;
				GCC_WARN_ABOUT_RETURN_TYPE = YES_ERROR;
				GCC_WARN_UNDECLARED_SELECTOR = YES;
				GCC_WARN_UNINITIALIZED_AUTOS = YES_AGGRESSIVE;
				GCC_WARN_UNUSED_FUNCTION = YES;
				GCC_WARN_UNUSED_VARIABLE = YES;
				IPHONEOS_DEPLOYMENT_TARGET = 16.4;
				MTL_ENABLE_DEBUG_INFO = INCLUDE_SOURCE;
				MTL_FAST_MATH = YES;
				ONLY_ACTIVE_ARCH = YES;
				SDKROOT = iphoneos;
				SWIFT_ACTIVE_COMPILATION_CONDITIONS = DEBUG;
				SWIFT_OPTIMIZATION_LEVEL = "-Onone";
			};
			name = Debug;
		};
		75493ADF2A7BEE2C006FB64E /* Release */ = {
			isa = XCBuildConfiguration;
			buildSettings = {
				ALWAYS_SEARCH_USER_PATHS = NO;
				CLANG_ANALYZER_NONNULL = YES;
				CLANG_ANALYZER_NUMBER_OBJECT_CONVERSION = YES_AGGRESSIVE;
				CLANG_CXX_LANGUAGE_STANDARD = "gnu++20";
				CLANG_ENABLE_MODULES = YES;
				CLANG_ENABLE_OBJC_ARC = YES;
				CLANG_ENABLE_OBJC_WEAK = YES;
				CLANG_WARN_BLOCK_CAPTURE_AUTORELEASING = YES;
				CLANG_WARN_BOOL_CONVERSION = YES;
				CLANG_WARN_COMMA = YES;
				CLANG_WARN_CONSTANT_CONVERSION = YES;
				CLANG_WARN_DEPRECATED_OBJC_IMPLEMENTATIONS = YES;
				CLANG_WARN_DIRECT_OBJC_ISA_USAGE = YES_ERROR;
				CLANG_WARN_DOCUMENTATION_COMMENTS = YES;
				CLANG_WARN_EMPTY_BODY = YES;
				CLANG_WARN_ENUM_CONVERSION = YES;
				CLANG_WARN_INFINITE_RECURSION = YES;
				CLANG_WARN_INT_CONVERSION = YES;
				CLANG_WARN_NON_LITERAL_NULL_CONVERSION = YES;
				CLANG_WARN_OBJC_IMPLICIT_RETAIN_SELF = YES;
				CLANG_WARN_OBJC_LITERAL_CONVERSION = YES;
				CLANG_WARN_OBJC_ROOT_CLASS = YES_ERROR;
				CLANG_WARN_QUOTED_INCLUDE_IN_FRAMEWORK_HEADER = YES;
				CLANG_WARN_RANGE_LOOP_ANALYSIS = YES;
				CLANG_WARN_STRICT_PROTOTYPES = YES;
				CLANG_WARN_SUSPICIOUS_MOVE = YES;
				CLANG_WARN_UNGUARDED_AVAILABILITY = YES_AGGRESSIVE;
				CLANG_WARN_UNREACHABLE_CODE = YES;
				CLANG_WARN__DUPLICATE_METHOD_MATCH = YES;
				COPY_PHASE_STRIP = NO;
				DEBUG_INFORMATION_FORMAT = "dwarf-with-dsym";
				ENABLE_NS_ASSERTIONS = NO;
				ENABLE_STRICT_OBJC_MSGSEND = YES;
				GCC_C_LANGUAGE_STANDARD = gnu11;
				GCC_NO_COMMON_BLOCKS = YES;
				GCC_WARN_64_TO_32_BIT_CONVERSION = YES;
				GCC_WARN_ABOUT_RETURN_TYPE = YES_ERROR;
				GCC_WARN_UNDECLARED_SELECTOR = YES;
				GCC_WARN_UNINITIALIZED_AUTOS = YES_AGGRESSIVE;
				GCC_WARN_UNUSED_FUNCTION = YES;
				GCC_WARN_UNUSED_VARIABLE = YES;
				IPHONEOS_DEPLOYMENT_TARGET = 16.4;
				MTL_ENABLE_DEBUG_INFO = NO;
				MTL_FAST_MATH = YES;
				SDKROOT = iphoneos;
				SWIFT_COMPILATION_MODE = wholemodule;
				SWIFT_OPTIMIZATION_LEVEL = "-O";
				VALIDATE_PRODUCT = YES;
			};
			name = Release;
		};
		75493AE12A7BEE2C006FB64E /* Debug */ = {
			isa = XCBuildConfiguration;
			buildSettings = {
				ASSETCATALOG_COMPILER_APPICON_NAME = AppIcon;
				ASSETCATALOG_COMPILER_GLOBAL_ACCENT_COLOR_NAME = AccentColor;
				CODE_SIGN_STYLE = Automatic;
				CURRENT_PROJECT_VERSION = 1.0;
				DEVELOPMENT_TEAM = B9R854R4A6;
				GENERATE_INFOPLIST_FILE = YES;
				INFOPLIST_FILE = StoreList/Info.plist;
				INFOPLIST_KEY_LSApplicationCategoryType = "public.app-category.shopping";
				INFOPLIST_KEY_UIApplicationSupportsIndirectInputEvents = YES;
				INFOPLIST_KEY_UILaunchStoryboardName = LaunchScreen;
				INFOPLIST_KEY_UIMainStoryboardFile = Main;
				INFOPLIST_KEY_UIRequiresFullScreen = YES;
				INFOPLIST_KEY_UISupportedInterfaceOrientations = UIInterfaceOrientationPortrait;
				INFOPLIST_KEY_UISupportedInterfaceOrientations_iPad = "UIInterfaceOrientationPortrait UIInterfaceOrientationPortraitUpsideDown";
				LD_RUNPATH_SEARCH_PATHS = (
					"$(inherited)",
					"@executable_path/Frameworks",
				);
				MARKETING_VERSION = 0.1.0;
				PRODUCT_BUNDLE_IDENTIFIER = com.MackBookPro.Andy.StoreList;
				PRODUCT_NAME = "$(TARGET_NAME)";
				SWIFT_EMIT_LOC_STRINGS = YES;
				SWIFT_VERSION = 5.0;
				TARGETED_DEVICE_FAMILY = "1,2";
			};
			name = Debug;
		};
		75493AE22A7BEE2C006FB64E /* Release */ = {
			isa = XCBuildConfiguration;
			buildSettings = {
				ASSETCATALOG_COMPILER_APPICON_NAME = AppIcon;
				ASSETCATALOG_COMPILER_GLOBAL_ACCENT_COLOR_NAME = AccentColor;
				CODE_SIGN_STYLE = Automatic;
				CURRENT_PROJECT_VERSION = 1.0;
				DEVELOPMENT_TEAM = B9R854R4A6;
				GENERATE_INFOPLIST_FILE = YES;
				INFOPLIST_FILE = StoreList/Info.plist;
				INFOPLIST_KEY_LSApplicationCategoryType = "public.app-category.shopping";
				INFOPLIST_KEY_UIApplicationSupportsIndirectInputEvents = YES;
				INFOPLIST_KEY_UILaunchStoryboardName = LaunchScreen;
				INFOPLIST_KEY_UIMainStoryboardFile = Main;
				INFOPLIST_KEY_UIRequiresFullScreen = YES;
				INFOPLIST_KEY_UISupportedInterfaceOrientations = UIInterfaceOrientationPortrait;
				INFOPLIST_KEY_UISupportedInterfaceOrientations_iPad = "UIInterfaceOrientationPortrait UIInterfaceOrientationPortraitUpsideDown";
				LD_RUNPATH_SEARCH_PATHS = (
					"$(inherited)",
					"@executable_path/Frameworks",
				);
				MARKETING_VERSION = 0.1.0;
				PRODUCT_BUNDLE_IDENTIFIER = com.MackBookPro.Andy.StoreList;
				PRODUCT_NAME = "$(TARGET_NAME)";
				SWIFT_EMIT_LOC_STRINGS = YES;
				SWIFT_VERSION = 5.0;
				TARGETED_DEVICE_FAMILY = "1,2";
			};
			name = Release;
		};
		75493AE42A7BEE2C006FB64E /* Debug */ = {
			isa = XCBuildConfiguration;
			buildSettings = {
				ALWAYS_EMBED_SWIFT_STANDARD_LIBRARIES = YES;
				BUNDLE_LOADER = "$(TEST_HOST)";
				CODE_SIGN_STYLE = Automatic;
				CURRENT_PROJECT_VERSION = 1;
				DEVELOPMENT_TEAM = B9R854R4A6;
				GENERATE_INFOPLIST_FILE = YES;
				IPHONEOS_DEPLOYMENT_TARGET = 16.4;
				MARKETING_VERSION = 1.0;
				PRODUCT_BUNDLE_IDENTIFIER = com.MackBookPro.Andy.StoreListTests;
				PRODUCT_NAME = "$(TARGET_NAME)";
				SWIFT_EMIT_LOC_STRINGS = NO;
				SWIFT_VERSION = 5.0;
				TARGETED_DEVICE_FAMILY = "1,2";
				TEST_HOST = "$(BUILT_PRODUCTS_DIR)/StoreList.app/$(BUNDLE_EXECUTABLE_FOLDER_PATH)/StoreList";
			};
			name = Debug;
		};
		75493AE52A7BEE2C006FB64E /* Release */ = {
			isa = XCBuildConfiguration;
			buildSettings = {
				ALWAYS_EMBED_SWIFT_STANDARD_LIBRARIES = YES;
				BUNDLE_LOADER = "$(TEST_HOST)";
				CODE_SIGN_STYLE = Automatic;
				CURRENT_PROJECT_VERSION = 1;
				DEVELOPMENT_TEAM = B9R854R4A6;
				GENERATE_INFOPLIST_FILE = YES;
				IPHONEOS_DEPLOYMENT_TARGET = 16.4;
				MARKETING_VERSION = 1.0;
				PRODUCT_BUNDLE_IDENTIFIER = com.MackBookPro.Andy.StoreListTests;
				PRODUCT_NAME = "$(TARGET_NAME)";
				SWIFT_EMIT_LOC_STRINGS = NO;
				SWIFT_VERSION = 5.0;
				TARGETED_DEVICE_FAMILY = "1,2";
				TEST_HOST = "$(BUILT_PRODUCTS_DIR)/StoreList.app/$(BUNDLE_EXECUTABLE_FOLDER_PATH)/StoreList";
			};
			name = Release;
		};
		75493AE72A7BEE2C006FB64E /* Debug */ = {
			isa = XCBuildConfiguration;
			buildSettings = {
				ALWAYS_EMBED_SWIFT_STANDARD_LIBRARIES = YES;
				CODE_SIGN_STYLE = Automatic;
				CURRENT_PROJECT_VERSION = 1;
				DEVELOPMENT_TEAM = B9R854R4A6;
				GENERATE_INFOPLIST_FILE = YES;
				MARKETING_VERSION = 1.0;
				PRODUCT_BUNDLE_IDENTIFIER = com.MackBookPro.Andy.StoreListUITests;
				PRODUCT_NAME = "$(TARGET_NAME)";
				SWIFT_EMIT_LOC_STRINGS = NO;
				SWIFT_VERSION = 5.0;
				TARGETED_DEVICE_FAMILY = "1,2";
				TEST_TARGET_NAME = StoreList;
			};
			name = Debug;
		};
		75493AE82A7BEE2C006FB64E /* Release */ = {
			isa = XCBuildConfiguration;
			buildSettings = {
				ALWAYS_EMBED_SWIFT_STANDARD_LIBRARIES = YES;
				CODE_SIGN_STYLE = Automatic;
				CURRENT_PROJECT_VERSION = 1;
				DEVELOPMENT_TEAM = B9R854R4A6;
				GENERATE_INFOPLIST_FILE = YES;
				MARKETING_VERSION = 1.0;
				PRODUCT_BUNDLE_IDENTIFIER = com.MackBookPro.Andy.StoreListUITests;
				PRODUCT_NAME = "$(TARGET_NAME)";
				SWIFT_EMIT_LOC_STRINGS = NO;
				SWIFT_VERSION = 5.0;
				TARGETED_DEVICE_FAMILY = "1,2";
				TEST_TARGET_NAME = StoreList;
			};
			name = Release;
		};
/* End XCBuildConfiguration section */

/* Begin XCConfigurationList section */
		75493AB12A7BEE2A006FB64E /* Build configuration list for PBXProject "StoreList" */ = {
			isa = XCConfigurationList;
			buildConfigurations = (
				75493ADE2A7BEE2C006FB64E /* Debug */,
				75493ADF2A7BEE2C006FB64E /* Release */,
			);
			defaultConfigurationIsVisible = 0;
			defaultConfigurationName = Release;
		};
		75493AE02A7BEE2C006FB64E /* Build configuration list for PBXNativeTarget "StoreList" */ = {
			isa = XCConfigurationList;
			buildConfigurations = (
				75493AE12A7BEE2C006FB64E /* Debug */,
				75493AE22A7BEE2C006FB64E /* Release */,
			);
			defaultConfigurationIsVisible = 0;
			defaultConfigurationName = Release;
		};
		75493AE32A7BEE2C006FB64E /* Build configuration list for PBXNativeTarget "StoreListTests" */ = {
			isa = XCConfigurationList;
			buildConfigurations = (
				75493AE42A7BEE2C006FB64E /* Debug */,
				75493AE52A7BEE2C006FB64E /* Release */,
			);
			defaultConfigurationIsVisible = 0;
			defaultConfigurationName = Release;
		};
		75493AE62A7BEE2C006FB64E /* Build configuration list for PBXNativeTarget "StoreListUITests" */ = {
			isa = XCConfigurationList;
			buildConfigurations = (
				75493AE72A7BEE2C006FB64E /* Debug */,
				75493AE82A7BEE2C006FB64E /* Release */,
			);
			defaultConfigurationIsVisible = 0;
			defaultConfigurationName = Release;
		};
/* End XCConfigurationList section */
	};
	rootObject = 75493AAE2A7BEE2A006FB64E /* Project object */;
}
